# @generated by Move, please check-in and do not edit manually.

[move]
version = 3
manifest_digest = "1AFC9D975BCB33AA2CF1E968FFF0BB7D0D7861594FC5158D76DE8FCE469D8548"
deps_digest = "3C4103934B1E040BB6B23F1D610B4EF9F2F1166A50A104EADCF77467C004C600"
dependencies = [
  { id = "MoveStdlib", name = "MoveStdlib" },
  { id = "Sui", name = "Sui" },
]

[[move.package]]
id = "MoveStdlib"
source = { git = "https://github.com/MystenLabs/sui.git", rev = "framework/testnet", subdir = "crates\\sui-framework\\packages\\move-stdlib" }

[[move.package]]
id = "Sui"
source = { git = "https://github.com/MystenLabs/sui.git", rev = "framework/testnet", subdir = "crates/sui-framework/packages/sui-framework" }

dependencies = [
  { id = "MoveStdlib", name = "MoveStdlib" },
]

[move.toolchain-version]
compiler-version = "1.61.1"
edition = "2024.beta"
flavor = "sui"

[env]

[env.testnet]
chain-id = "4c78adac"
original-published-id = "0xed6d0f0dcb06d60988b0164ab2f2e1b6389ec7a0affa1a594a70ca10199a392a"
latest-published-id = "0xed6d0f0dcb06d60988b0164ab2f2e1b6389ec7a0affa1a594a70ca10199a392a"
published-version = "1"
